// !$*UTF8*$!
{
	archiveVersion = 1;
	classes = {
	};
	objectVersion = 55;
	objects = {

/* Begin PBXBuildFile section */
		780424A427A7126A00B3B104 /* Main.storyboard in Resources */ = {isa = PBXBuildFile; fileRef = 780424A327A7126A00B3B104 /* Main.storyboard */; };
		780424A627A714FD00B3B104 /* NSImage+Tint.swift in Sources */ = {isa = PBXBuildFile; fileRef = 780424A527A714FD00B3B104 /* NSImage+Tint.swift */; };
		780424A927A727F900B3B104 /* LaunchAtLogin in Frameworks */ = {isa = PBXBuildFile; productRef = 780424A827A727F900B3B104 /* LaunchAtLogin */; };
		783A0EAA279C96F50005B392 /* CiscoApp.swift in Sources */ = {isa = PBXBuildFile; fileRef = 783A0EA9279C96F50005B392 /* CiscoApp.swift */; };
		783A0EAC279C96F50005B392 /* ContentView.swift in Sources */ = {isa = PBXBuildFile; fileRef = 783A0EAB279C96F50005B392 /* ContentView.swift */; };
		783A0EAE279C96F60005B392 /* Assets.xcassets in Resources */ = {isa = PBXBuildFile; fileRef = 783A0EAD279C96F60005B392 /* Assets.xcassets */; };
		783A0EB1279C96F60005B392 /* Preview Assets.xcassets in Resources */ = {isa = PBXBuildFile; fileRef = 783A0EB0279C96F60005B392 /* Preview Assets.xcassets */; };
		783A0EBA279C9AEF0005B392 /* KeychainAccess in Frameworks */ = {isa = PBXBuildFile; productRef = 783A0EB9279C9AEF0005B392 /* KeychainAccess */; };
		78C00AC5279F0380008097C9 /* ShellOut in Frameworks */ = {isa = PBXBuildFile; productRef = 78C00AC4279F0380008097C9 /* ShellOut */; };
/* End PBXBuildFile section */

/* Begin PBXFileReference section */
		780424A327A7126A00B3B104 /* Main.storyboard */ = {isa = PBXFileReference; fileEncoding = 4; lastKnownFileType = file.storyboard; path = Main.storyboard; sourceTree = "<group>"; };
		780424A527A714FD00B3B104 /* NSImage+Tint.swift */ = {isa = PBXFileReference; lastKnownFileType = sourcecode.swift; path = "NSImage+Tint.swift"; sourceTree = "<group>"; };
		783A0EA6279C96F50005B392 /* Cisco.app */ = {isa = PBXFileReference; explicitFileType = wrapper.application; includeInIndex = 0; path = Cisco.app; sourceTree = BUILT_PRODUCTS_DIR; };
		783A0EA9279C96F50005B392 /* CiscoApp.swift */ = {isa = PBXFileReference; lastKnownFileType = sourcecode.swift; path = CiscoApp.swift; sourceTree = "<group>"; };
		783A0EAB279C96F50005B392 /* ContentView.swift */ = {isa = PBXFileReference; lastKnownFileType = sourcecode.swift; path = ContentView.swift; sourceTree = "<group>"; };
		783A0EAD279C96F60005B392 /* Assets.xcassets */ = {isa = PBXFileReference; lastKnownFileType = folder.assetcatalog; path = Assets.xcassets; sourceTree = "<group>"; };
		783A0EB0279C96F60005B392 /* Preview Assets.xcassets */ = {isa = PBXFileReference; lastKnownFileType = folder.assetcatalog; path = "Preview Assets.xcassets"; sourceTree = "<group>"; };
		783A0EB2279C96F60005B392 /* Cisco.entitlements */ = {isa = PBXFileReference; lastKnownFileType = text.plist.entitlements; path = Cisco.entitlements; sourceTree = "<group>"; };
		783A0EBB279CAA030005B392 /* Info.plist */ = {isa = PBXFileReference; lastKnownFileType = text.plist; path = Info.plist; sourceTree = "<group>"; };
/* End PBXFileReference section */

/* Begin PBXFrameworksBuildPhase section */
		783A0EA3279C96F50005B392 /* Frameworks */ = {
			isa = PBXFrameworksBuildPhase;
			buildActionMask = 2147483647;
			files = (
				783A0EBA279C9AEF0005B392 /* KeychainAccess in Frameworks */,
				780424A927A727F900B3B104 /* LaunchAtLogin in Frameworks */,
				78C00AC5279F0380008097C9 /* ShellOut in Frameworks */,
			);
			runOnlyForDeploymentPostprocessing = 0;
		};
/* End PBXFrameworksBuildPhase section */

/* Begin PBXGroup section */
		783A0E9D279C96F50005B392 = {
			isa = PBXGroup;
			children = (
				783A0EA8279C96F50005B392 /* Cisco */,
				783A0EA7279C96F50005B392 /* Products */,
			);
			sourceTree = "<group>";
		};
		783A0EA7279C96F50005B392 /* Products */ = {
			isa = PBXGroup;
			children = (
				783A0EA6279C96F50005B392 /* Cisco.app */,
			);
			name = Products;
			sourceTree = "<group>";
		};
		783A0EA8279C96F50005B392 /* Cisco */ = {
			isa = PBXGroup;
			children = (
				783A0EBB279CAA030005B392 /* Info.plist */,
				783A0EA9279C96F50005B392 /* CiscoApp.swift */,
				780424A527A714FD00B3B104 /* NSImage+Tint.swift */,
				783A0EAB279C96F50005B392 /* ContentView.swift */,
				780424A327A7126A00B3B104 /* Main.storyboard */,
				783A0EAD279C96F60005B392 /* Assets.xcassets */,
				783A0EB2279C96F60005B392 /* Cisco.entitlements */,
				783A0EAF279C96F60005B392 /* Preview Content */,
			);
			path = Cisco;
			sourceTree = "<group>";
		};
		783A0EAF279C96F60005B392 /* Preview Content */ = {
			isa = PBXGroup;
			children = (
				783A0EB0279C96F60005B392 /* Preview Assets.xcassets */,
			);
			path = "Preview Content";
			sourceTree = "<group>";
		};
/* End PBXGroup section */

/* Begin PBXNativeTarget section */
		783A0EA5279C96F50005B392 /* Cisco */ = {
			isa = PBXNativeTarget;
			buildConfigurationList = 783A0EB5279C96F60005B392 /* Build configuration list for PBXNativeTarget "Cisco" */;
			buildPhases = (
				783A0EA2279C96F50005B392 /* Sources */,
				783A0EA3279C96F50005B392 /* Frameworks */,
				783A0EA4279C96F50005B392 /* Resources */,
				780424AA27A7299800B3B104 /* Launch at Login Helper */,
			);
			buildRules = (
			);
			dependencies = (
			);
			name = Cisco;
			packageProductDependencies = (
				783A0EB9279C9AEF0005B392 /* KeychainAccess */,
				78C00AC4279F0380008097C9 /* ShellOut */,
				780424A827A727F900B3B104 /* LaunchAtLogin */,
			);
			productName = Cisco;
			productReference = 783A0EA6279C96F50005B392 /* Cisco.app */;
			productType = "com.apple.product-type.application";
		};
/* End PBXNativeTarget section */

/* Begin PBXProject section */
		783A0E9E279C96F50005B392 /* Project object */ = {
			isa = PBXProject;
			attributes = {
				BuildIndependentTargetsInParallel = 1;
				LastSwiftUpdateCheck = 1320;
				LastUpgradeCheck = 1320;
				TargetAttributes = {
					783A0EA5279C96F50005B392 = {
						CreatedOnToolsVersion = 13.2.1;
					};
				};
			};
			buildConfigurationList = 783A0EA1279C96F50005B392 /* Build configuration list for PBXProject "Cisco" */;
			compatibilityVersion = "Xcode 13.0";
			developmentRegion = en;
			hasScannedForEncodings = 0;
			knownRegions = (
				en,
				Base,
			);
			mainGroup = 783A0E9D279C96F50005B392;
			packageReferences = (
				783A0EB8279C9AEF0005B392 /* XCRemoteSwiftPackageReference "KeychainAccess" */,
				78C00AC3279F037F008097C9 /* XCRemoteSwiftPackageReference "ShellOut" */,
				780424A727A727F900B3B104 /* XCRemoteSwiftPackageReference "LaunchAtLogin" */,
			);
			productRefGroup = 783A0EA7279C96F50005B392 /* Products */;
			projectDirPath = "";
			projectRoot = "";
			targets = (
				783A0EA5279C96F50005B392 /* Cisco */,
			);
		};
/* End PBXProject section */

/* Begin PBXResourcesBuildPhase section */
		783A0EA4279C96F50005B392 /* Resources */ = {
			isa = PBXResourcesBuildPhase;
			buildActionMask = 2147483647;
			files = (
				780424A427A7126A00B3B104 /* Main.storyboard in Resources */,
				783A0EB1279C96F60005B392 /* Preview Assets.xcassets in Resources */,
				783A0EAE279C96F60005B392 /* Assets.xcassets in Resources */,
			);
			runOnlyForDeploymentPostprocessing = 0;
		};
/* End PBXResourcesBuildPhase section */

/* Begin PBXShellScriptBuildPhase section */
		780424AA27A7299800B3B104 /* Launch at Login Helper */ = {
			isa = PBXShellScriptBuildPhase;
			buildActionMask = 2147483647;
			files = (
			);
			inputFileListPaths = (
			);
			inputPaths = (
			);
			name = "Launch at Login Helper";
			outputFileListPaths = (
			);
			outputPaths = (
			);
			runOnlyForDeploymentPostprocessing = 0;
			shellPath = /bin/sh;
			shellScript = "# Type a script or drag a script file from your workspace to insert its path.\n\"${BUILT_PRODUCTS_DIR}/LaunchAtLogin_LaunchAtLogin.bundle/Contents/Resources/copy-helper-swiftpm.sh\"\n";
		};
/* End PBXShellScriptBuildPhase section */

/* Begin PBXSourcesBuildPhase section */
		783A0EA2279C96F50005B392 /* Sources */ = {
			isa = PBXSourcesBuildPhase;
			buildActionMask = 2147483647;
			files = (
				783A0EAC279C96F50005B392 /* ContentView.swift in Sources */,
				783A0EAA279C96F50005B392 /* CiscoApp.swift in Sources */,
				780424A627A714FD00B3B104 /* NSImage+Tint.swift in Sources */,
			);
			runOnlyForDeploymentPostprocessing = 0;
		};
/* End PBXSourcesBuildPhase section */

/* Begin XCBuildConfiguration section */
		783A0EB3279C96F60005B392 /* Debug */ = {
			isa = XCBuildConfiguration;
			buildSettings = {
				ALWAYS_SEARCH_USER_PATHS = NO;
				CLANG_ANALYZER_NONNULL = YES;
				CLANG_ANALYZER_NUMBER_OBJECT_CONVERSION = YES_AGGRESSIVE;
				CLANG_CXX_LANGUAGE_STANDARD = "gnu++17";
				CLANG_CXX_LIBRARY = "libc++";
				CLANG_ENABLE_MODULES = YES;
				CLANG_ENABLE_OBJC_ARC = YES;
				CLANG_ENABLE_OBJC_WEAK = YES;
				CLANG_WARN_BLOCK_CAPTURE_AUTORELEASING = YES;
				CLANG_WARN_BOOL_CONVERSION = YES;
				CLANG_WARN_COMMA = YES;
				CLANG_WARN_CONSTANT_CONVERSION = YES;
				CLANG_WARN_DEPRECATED_OBJC_IMPLEMENTATIONS = YES;
				CLANG_WARN_DIRECT_OBJC_ISA_USAGE = YES_ERROR;
				CLANG_WARN_DOCUMENTATION_COMMENTS = YES;
				CLANG_WARN_EMPTY_BODY = YES;
				CLANG_WARN_ENUM_CONVERSION = YES;
				CLANG_WARN_INFINITE_RECURSION = YES;
				CLANG_WARN_INT_CONVERSION = YES;
				CLANG_WARN_NON_LITERAL_NULL_CONVERSION = YES;
				CLANG_WARN_OBJC_IMPLICIT_RETAIN_SELF = YES;
				CLANG_WARN_OBJC_LITERAL_CONVERSION = YES;
				CLANG_WARN_OBJC_ROOT_CLASS = YES_ERROR;
				CLANG_WARN_QUOTED_INCLUDE_IN_FRAMEWORK_HEADER = YES;
				CLANG_WARN_RANGE_LOOP_ANALYSIS = YES;
				CLANG_WARN_STRICT_PROTOTYPES = YES;
				CLANG_WARN_SUSPICIOUS_MOVE = YES;
				CLANG_WARN_UNGUARDED_AVAILABILITY = YES_AGGRESSIVE;
				CLANG_WARN_UNREACHABLE_CODE = YES;
				CLANG_WARN__DUPLICATE_METHOD_MATCH = YES;
				COPY_PHASE_STRIP = NO;
				DEBUG_INFORMATION_FORMAT = dwarf;
				ENABLE_STRICT_OBJC_MSGSEND = YES;
				ENABLE_TESTABILITY = YES;
				GCC_C_LANGUAGE_STANDARD = gnu11;
				GCC_DYNAMIC_NO_PIC = NO;
				GCC_NO_COMMON_BLOCKS = YES;
				GCC_OPTIMIZATION_LEVEL = 0;
				GCC_PREPROCESSOR_DEFINITIONS = (
					"DEBUG=1",
					"$(inherited)",
				);
				GCC_WARN_64_TO_32_BIT_CONVERSION = YES;
				GCC_WARN_ABOUT_RETURN_TYPE = YES_ERROR;
				GCC_WARN_UNDECLARED_SELECTOR = YES;
				GCC_WARN_UNINITIALIZED_AUTOS = YES_AGGRESSIVE;
				GCC_WARN_UNUSED_FUNCTION = YES;
				GCC_WARN_UNUSED_VARIABLE = YES;
				MACOSX_DEPLOYMENT_TARGET = 12.1;
				MTL_ENABLE_DEBUG_INFO = INCLUDE_SOURCE;
				MTL_FAST_MATH = YES;
				ONLY_ACTIVE_ARCH = YES;
				SDKROOT = macosx;
				SWIFT_ACTIVE_COMPILATION_CONDITIONS = DEBUG;
				SWIFT_OPTIMIZATION_LEVEL = "-Onone";
			};
			name = Debug;
		};
		783A0EB4279C96F60005B392 /* Release */ = {
			isa = XCBuildConfiguration;
			buildSettings = {
				ALWAYS_SEARCH_USER_PATHS = NO;
				CLANG_ANALYZER_NONNULL = YES;
				CLANG_ANALYZER_NUMBER_OBJECT_CONVERSION = YES_AGGRESSIVE;
				CLANG_CXX_LANGUAGE_STANDARD = "gnu++17";
				CLANG_CXX_LIBRARY = "libc++";
				CLANG_ENABLE_MODULES = YES;
				CLANG_ENABLE_OBJC_ARC = YES;
				CLANG_ENABLE_OBJC_WEAK = YES;
				CLANG_WARN_BLOCK_CAPTURE_AUTORELEASING = YES;
				CLANG_WARN_BOOL_CONVERSION = YES;
				CLANG_WARN_COMMA = YES;
				CLANG_WARN_CONSTANT_CONVERSION = YES;
				CLANG_WARN_DEPRECATED_OBJC_IMPLEMENTATIONS = YES;
				CLANG_WARN_DIRECT_OBJC_ISA_USAGE = YES_ERROR;
				CLANG_WARN_DOCUMENTATION_COMMENTS = YES;
				CLANG_WARN_EMPTY_BODY = YES;
				CLANG_WARN_ENUM_CONVERSION = YES;
				CLANG_WARN_INFINITE_RECURSION = YES;
				CLANG_WARN_INT_CONVERSION = YES;
				CLANG_WARN_NON_LITERAL_NULL_CONVERSION = YES;
				CLANG_WARN_OBJC_IMPLICIT_RETAIN_SELF = YES;
				CLANG_WARN_OBJC_LITERAL_CONVERSION = YES;
				CLANG_WARN_OBJC_ROOT_CLASS = YES_ERROR;
				CLANG_WARN_QUOTED_INCLUDE_IN_FRAMEWORK_HEADER = YES;
				CLANG_WARN_RANGE_LOOP_ANALYSIS = YES;
				CLANG_WARN_STRICT_PROTOTYPES = YES;
				CLANG_WARN_SUSPICIOUS_MOVE = YES;
				CLANG_WARN_UNGUARDED_AVAILABILITY = YES_AGGRESSIVE;
				CLANG_WARN_UNREACHABLE_CODE = YES;
				CLANG_WARN__DUPLICATE_METHOD_MATCH = YES;
				COPY_PHASE_STRIP = NO;
				DEBUG_INFORMATION_FORMAT = "dwarf-with-dsym";
				ENABLE_NS_ASSERTIONS = NO;
				ENABLE_STRICT_OBJC_MSGSEND = YES;
				GCC_C_LANGUAGE_STANDARD = gnu11;
				GCC_NO_COMMON_BLOCKS = YES;
				GCC_WARN_64_TO_32_BIT_CONVERSION = YES;
				GCC_WARN_ABOUT_RETURN_TYPE = YES_ERROR;
				GCC_WARN_UNDECLARED_SELECTOR = YES;
				GCC_WARN_UNINITIALIZED_AUTOS = YES_AGGRESSIVE;
				GCC_WARN_UNUSED_FUNCTION = YES;
				GCC_WARN_UNUSED_VARIABLE = YES;
				MACOSX_DEPLOYMENT_TARGET = 12.1;
				MTL_ENABLE_DEBUG_INFO = NO;
				MTL_FAST_MATH = YES;
				SDKROOT = macosx;
				SWIFT_COMPILATION_MODE = wholemodule;
				SWIFT_OPTIMIZATION_LEVEL = "-O";
			};
			name = Release;
		};
		783A0EB6279C96F60005B392 /* Debug */ = {
			isa = XCBuildConfiguration;
			buildSettings = {
				ASSETCATALOG_COMPILER_APPICON_NAME = AppIcon;
				ASSETCATALOG_COMPILER_GLOBAL_ACCENT_COLOR_NAME = AccentColor;
				ASSETCATALOG_COMPILER_INCLUDE_ALL_APPICON_ASSETS = YES;
				CODE_SIGN_ENTITLEMENTS = Cisco/Cisco.entitlements;
				CODE_SIGN_IDENTITY = "Apple Development";
				CODE_SIGN_STYLE = Automatic;
				COMBINE_HIDPI_IMAGES = YES;
				CURRENT_PROJECT_VERSION = 1;
				DEVELOPMENT_ASSET_PATHS = "\"Cisco/Preview Content\"";
				DEVELOPMENT_TEAM = 3Q569273ND;
				ENABLE_HARDENED_RUNTIME = YES;
				ENABLE_PREVIEWS = YES;
				GENERATE_INFOPLIST_FILE = YES;
				INFOPLIST_FILE = Cisco/Info.plist;
				INFOPLIST_KEY_CFBundleDisplayName = Cisco;
				INFOPLIST_KEY_LSApplicationCategoryType = "public.app-category.utilities";
				INFOPLIST_KEY_NSMainStoryboardFile = Main;
				LD_RUNPATH_SEARCH_PATHS = (
					"$(inherited)",
					"@executable_path/../Frameworks",
				);
				MARKETING_VERSION = 1.0.2;
				PRODUCT_BUNDLE_IDENTIFIER = com.vpn.cisco;
				PRODUCT_NAME = "$(TARGET_NAME)";
				PROVISIONING_PROFILE_SPECIFIER = "";
				SWIFT_EMIT_LOC_STRINGS = YES;
				SWIFT_VERSION = 5.0;
			};
			name = Debug;
		};
		783A0EB7279C96F60005B392 /* Release */ = {
			isa = XCBuildConfiguration;
			buildSettings = {
				ASSETCATALOG_COMPILER_APPICON_NAME = AppIcon;
				ASSETCATALOG_COMPILER_GLOBAL_ACCENT_COLOR_NAME = AccentColor;
				ASSETCATALOG_COMPILER_INCLUDE_ALL_APPICON_ASSETS = YES;
				CODE_SIGN_ENTITLEMENTS = Cisco/Cisco.entitlements;
				CODE_SIGN_IDENTITY = "Apple Development";
				CODE_SIGN_STYLE = Automatic;
				COMBINE_HIDPI_IMAGES = YES;
				CURRENT_PROJECT_VERSION = 1;
				DEVELOPMENT_ASSET_PATHS = "\"Cisco/Preview Content\"";
				DEVELOPMENT_TEAM = 3Q569273ND;
				ENABLE_HARDENED_RUNTIME = YES;
				ENABLE_PREVIEWS = YES;
				GENERATE_INFOPLIST_FILE = YES;
				INFOPLIST_FILE = Cisco/Info.plist;
				INFOPLIST_KEY_CFBundleDisplayName = Cisco;
				INFOPLIST_KEY_LSApplicationCategoryType = "public.app-category.utilities";
				INFOPLIST_KEY_NSMainStoryboardFile = Main;
				LD_RUNPATH_SEARCH_PATHS = (
					"$(inherited)",
					"@executable_path/../Frameworks",
				);
				MARKETING_VERSION = 1.0.2;
				PRODUCT_BUNDLE_IDENTIFIER = com.vpn.cisco;
				PRODUCT_NAME = "$(TARGET_NAME)";
				PROVISIONING_PROFILE_SPECIFIER = "";
				SWIFT_EMIT_LOC_STRINGS = YES;
				SWIFT_VERSION = 5.0;
			};
			name = Release;
		};
/* End XCBuildConfiguration section */

/* Begin XCConfigurationList section */
		783A0EA1279C96F50005B392 /* Build configuration list for PBXProject "Cisco" */ = {
			isa = XCConfigurationList;
			buildConfigurations = (
				783A0EB3279C96F60005B392 /* Debug */,
				783A0EB4279C96F60005B392 /* Release */,
			);
			defaultConfigurationIsVisible = 0;
			defaultConfigurationName = Release;
		};
		783A0EB5279C96F60005B392 /* Build configuration list for PBXNativeTarget "Cisco" */ = {
			isa = XCConfigurationList;
			buildConfigurations = (
				783A0EB6279C96F60005B392 /* Debug */,
				783A0EB7279C96F60005B392 /* Release */,
			);
			defaultConfigurationIsVisible = 0;
			defaultConfigurationName = Release;
		};
/* End XCConfigurationList section */

/* Begin XCRemoteSwiftPackageReference section */
		780424A727A727F900B3B104 /* XCRemoteSwiftPackageReference "LaunchAtLogin" */ = {
			isa = XCRemoteSwiftPackageReference;
			repositoryURL = "https://github.com/sindresorhus/LaunchAtLogin";
			requirement = {
				branch = main;
				kind = branch;
			};
		};
		783A0EB8279C9AEF0005B392 /* XCRemoteSwiftPackageReference "KeychainAccess" */ = {
			isa = XCRemoteSwiftPackageReference;
			repositoryURL = "https://github.com/kishikawakatsumi/KeychainAccess";
			requirement = {
				branch = master;
				kind = branch;
			};
		};
		78C00AC3279F037F008097C9 /* XCRemoteSwiftPackageReference "ShellOut" */ = {
			isa = XCRemoteSwiftPackageReference;
			repositoryURL = "https://github.com/JohnSundell/ShellOut.git";
			requirement = {
				kind = upToNextMajorVersion;
				minimumVersion = 2.0.0;
			};
		};
/* End XCRemoteSwiftPackageReference section */

/* Begin XCSwiftPackageProductDependency section */
		780424A827A727F900B3B104 /* LaunchAtLogin */ = {
			isa = XCSwiftPackageProductDependency;
			package = 780424A727A727F900B3B104 /* XCRemoteSwiftPackageReference "LaunchAtLogin" */;
			productName = LaunchAtLogin;
		};
		783A0EB9279C9AEF0005B392 /* KeychainAccess */ = {
			isa = XCSwiftPackageProductDependency;
			package = 783A0EB8279C9AEF0005B392 /* XCRemoteSwiftPackageReference "KeychainAccess" */;
			productName = KeychainAccess;
		};
		78C00AC4279F0380008097C9 /* ShellOut */ = {
			isa = XCSwiftPackageProductDependency;
			package = 78C00AC3279F037F008097C9 /* XCRemoteSwiftPackageReference "ShellOut" */;
			productName = ShellOut;
		};
/* End XCSwiftPackageProductDependency section */
	};
	rootObject = 783A0E9E279C96F50005B392 /* Project object */;
}
